// !$*UTF8*$!
{
	archiveVersion = 1;
	classes = {
	};
	objectVersion = 46;
	objects = {

/* Begin PBXBuildFile section */
		B8A970B31BF7617300F478E8 /* main.m in Sources */ = {isa = PBXBuildFile; fileRef = B8A970B21BF7617300F478E8 /* main.m */; };
		B8A970B61BF7617300F478E8 /* AppDelegate.m in Sources */ = {isa = PBXBuildFile; fileRef = B8A970B51BF7617300F478E8 /* AppDelegate.m */; };
		B8A970B91BF7617300F478E8 /* ViewController.m in Sources */ = {isa = PBXBuildFile; fileRef = B8A970B81BF7617300F478E8 /* ViewController.m */; };
		B8A970BC1BF7617300F478E8 /* Main.storyboard in Resources */ = {isa = PBXBuildFile; fileRef = B8A970BA1BF7617300F478E8 /* Main.storyboard */; };
		B8A970BE1BF7617300F478E8 /* Assets.xcassets in Resources */ = {isa = PBXBuildFile; fileRef = B8A970BD1BF7617300F478E8 /* Assets.xcassets */; };
		B8A970C11BF7617300F478E8 /* LaunchScreen.storyboard in Resources */ = {isa = PBXBuildFile; fileRef = B8A970BF1BF7617300F478E8 /* LaunchScreen.storyboard */; };
		B8A970CC1BF7617400F478E8 /* BMapDemoTests.m in Sources */ = {isa = PBXBuildFile; fileRef = B8A970CB1BF7617400F478E8 /* BMapDemoTests.m */; };
		B8A970D71BF7617400F478E8 /* BMapDemoUITests.m in Sources */ = {isa = PBXBuildFile; fileRef = B8A970D61BF7617400F478E8 /* BMapDemoUITests.m */; };
		B8A970E71BF7626400F478E8 /* BaiduMapAPI_Base.framework in Frameworks */ = {isa = PBXBuildFile; fileRef = B8A970E41BF7626400F478E8 /* BaiduMapAPI_Base.framework */; };
		B8A970E81BF7626400F478E8 /* BaiduMapAPI_Location.framework in Frameworks */ = {isa = PBXBuildFile; fileRef = B8A970E51BF7626400F478E8 /* BaiduMapAPI_Location.framework */; };
		B8A970E91BF7626400F478E8 /* BaiduMapAPI_Map.framework in Frameworks */ = {isa = PBXBuildFile; fileRef = B8A970E61BF7626400F478E8 /* BaiduMapAPI_Map.framework */; };
		B8A970EC1BF762E600F478E8 /* MMViewController.mm in Sources */ = {isa = PBXBuildFile; fileRef = B8A970EB1BF762E600F478E8 /* MMViewController.mm */; };
		B8A970EE1BF7632600F478E8 /* CoreLocation.framework in Frameworks */ = {isa = PBXBuildFile; fileRef = B8A970ED1BF7632600F478E8 /* CoreLocation.framework */; };
		B8A970F01BF7633000F478E8 /* QuartzCore.framework in Frameworks */ = {isa = PBXBuildFile; fileRef = B8A970EF1BF7633000F478E8 /* QuartzCore.framework */; };
		B8A970F21BF7633A00F478E8 /* OpenGLES.framework in Frameworks */ = {isa = PBXBuildFile; fileRef = B8A970F11BF7633A00F478E8 /* OpenGLES.framework */; };
		B8A970F41BF7634300F478E8 /* SystemConfiguration.framework in Frameworks */ = {isa = PBXBuildFile; fileRef = B8A970F31BF7634300F478E8 /* SystemConfiguration.framework */; };
		B8A970F61BF7634A00F478E8 /* CoreGraphics.framework in Frameworks */ = {isa = PBXBuildFile; fileRef = B8A970F51BF7634A00F478E8 /* CoreGraphics.framework */; };
		B8A970F81BF7635200F478E8 /* Security.framework in Frameworks */ = {isa = PBXBuildFile; fileRef = B8A970F71BF7635200F478E8 /* Security.framework */; };
		B8A970FA1BF7635D00F478E8 /* libsqlite3.0.tbd in Frameworks */ = {isa = PBXBuildFile; fileRef = B8A970F91BF7635D00F478E8 /* libsqlite3.0.tbd */; };
		B8A970FC1BF7636700F478E8 /* CoreTelephony.framework in Frameworks */ = {isa = PBXBuildFile; fileRef = B8A970FB1BF7636700F478E8 /* CoreTelephony.framework */; };
		B8A970FE1BF7637000F478E8 /* libstdc++.6.0.9.tbd in Frameworks */ = {isa = PBXBuildFile; fileRef = B8A970FD1BF7637000F478E8 /* libstdc++.6.0.9.tbd */; };
		B8AB91B61BF8584E0037234D /* mapapi.bundle in Resources */ = {isa = PBXBuildFile; fileRef = B8AB91B51BF8584E0037234D /* mapapi.bundle */; };
/* End PBXBuildFile section */

/* Begin PBXContainerItemProxy section */
		B8A970C81BF7617400F478E8 /* PBXContainerItemProxy */ = {
			isa = PBXContainerItemProxy;
			containerPortal = B8A970A61BF7617300F478E8 /* Project object */;
			proxyType = 1;
			remoteGlobalIDString = B8A970AD1BF7617300F478E8;
			remoteInfo = BMapDemo;
		};
		B8A970D31BF7617400F478E8 /* PBXContainerItemProxy */ = {
			isa = PBXContainerItemProxy;
			containerPortal = B8A970A61BF7617300F478E8 /* Project object */;
			proxyType = 1;
			remoteGlobalIDString = B8A970AD1BF7617300F478E8;
			remoteInfo = BMapDemo;
		};
/* End PBXContainerItemProxy section */

/* Begin PBXFileReference section */
		B8A970AE1BF7617300F478E8 /* BMapDemo.app */ = {isa = PBXFileReference; explicitFileType = wrapper.application; includeInIndex = 0; path = BMapDemo.app; sourceTree = BUILT_PRODUCTS_DIR; };
		B8A970B21BF7617300F478E8 /* main.m */ = {isa = PBXFileReference; lastKnownFileType = sourcecode.c.objc; path = main.m; sourceTree = "<group>"; };
		B8A970B41BF7617300F478E8 /* AppDelegate.h */ = {isa = PBXFileReference; lastKnownFileType = sourcecode.c.h; path = AppDelegate.h; sourceTree = "<group>"; };
		B8A970B51BF7617300F478E8 /* AppDelegate.m */ = {isa = PBXFileReference; lastKnownFileType = sourcecode.c.objc; path = AppDelegate.m; sourceTree = "<group>"; };
		B8A970B71BF7617300F478E8 /* ViewController.h */ = {isa = PBXFileReference; lastKnownFileType = sourcecode.c.h; path = ViewController.h; sourceTree = "<group>"; };
		B8A970B81BF7617300F478E8 /* ViewController.m */ = {isa = PBXFileReference; lastKnownFileType = sourcecode.c.objc; path = ViewController.m; sourceTree = "<group>"; };
		B8A970BB1BF7617300F478E8 /* Base */ = {isa = PBXFileReference; lastKnownFileType = file.storyboard; name = Base; path = Base.lproj/Main.storyboard; sourceTree = "<group>"; };
		B8A970BD1BF7617300F478E8 /* Assets.xcassets */ = {isa = PBXFileReference; lastKnownFileType = folder.assetcatalog; path = Assets.xcassets; sourceTree = "<group>"; };
		B8A970C01BF7617300F478E8 /* Base */ = {isa = PBXFileReference; lastKnownFileType = file.storyboard; name = Base; path = Base.lproj/LaunchScreen.storyboard; sourceTree = "<group>"; };
		B8A970C21BF7617300F478E8 /* Info.plist */ = {isa = PBXFileReference; lastKnownFileType = text.plist.xml; path = Info.plist; sourceTree = "<group>"; };
		B8A970C71BF7617400F478E8 /* BMapDemoTests.xctest */ = {isa = PBXFileReference; explicitFileType = wrapper.cfbundle; includeInIndex = 0; path = BMapDemoTests.xctest; sourceTree = BUILT_PRODUCTS_DIR; };
		B8A970CB1BF7617400F478E8 /* BMapDemoTests.m */ = {isa = PBXFileReference; lastKnownFileType = sourcecode.c.objc; path = BMapDemoTests.m; sourceTree = "<group>"; };
		B8A970CD1BF7617400F478E8 /* Info.plist */ = {isa = PBXFileReference; lastKnownFileType = text.plist.xml; path = Info.plist; sourceTree = "<group>"; };
		B8A970D21BF7617400F478E8 /* BMapDemoUITests.xctest */ = {isa = PBXFileReference; explicitFileType = wrapper.cfbundle; includeInIndex = 0; path = BMapDemoUITests.xctest; sourceTree = BUILT_PRODUCTS_DIR; };
		B8A970D61BF7617400F478E8 /* BMapDemoUITests.m */ = {isa = PBXFileReference; lastKnownFileType = sourcecode.c.objc; path = BMapDemoUITests.m; sourceTree = "<group>"; };
		B8A970D81BF7617400F478E8 /* Info.plist */ = {isa = PBXFileReference; lastKnownFileType = text.plist.xml; path = Info.plist; sourceTree = "<group>"; };
		B8A970E41BF7626400F478E8 /* BaiduMapAPI_Base.framework */ = {isa = PBXFileReference; lastKnownFileType = wrapper.framework; path = BaiduMapAPI_Base.framework; sourceTree = "<group>"; };
		B8A970E51BF7626400F478E8 /* BaiduMapAPI_Location.framework */ = {isa = PBXFileReference; lastKnownFileType = wrapper.framework; path = BaiduMapAPI_Location.framework; sourceTree = "<group>"; };
		B8A970E61BF7626400F478E8 /* BaiduMapAPI_Map.framework */ = {isa = PBXFileReference; lastKnownFileType = wrapper.framework; path = BaiduMapAPI_Map.framework; sourceTree = "<group>"; };
		B8A970EA1BF762E600F478E8 /* MMViewController.h */ = {isa = PBXFileReference; fileEncoding = 4; lastKnownFileType = sourcecode.c.h; path = MMViewController.h; sourceTree = "<group>"; };
		B8A970EB1BF762E600F478E8 /* MMViewController.mm */ = {isa = PBXFileReference; fileEncoding = 4; lastKnownFileType = sourcecode.cpp.objcpp; path = MMViewController.mm; sourceTree = "<group>"; };
		B8A970ED1BF7632600F478E8 /* CoreLocation.framework */ = {isa = PBXFileReference; lastKnownFileType = wrapper.framework; name = CoreLocation.framework; path = System/Library/Frameworks/CoreLocation.framework; sourceTree = SDKROOT; };
		B8A970EF1BF7633000F478E8 /* QuartzCore.framework */ = {isa = PBXFileReference; lastKnownFileType = wrapper.framework; name = QuartzCore.framework; path = System/Library/Frameworks/QuartzCore.framework; sourceTree = SDKROOT; };
		B8A970F11BF7633A00F478E8 /* OpenGLES.framework */ = {isa = PBXFileReference; lastKnownFileType = wrapper.framework; name = OpenGLES.framework; path = System/Library/Frameworks/OpenGLES.framework; sourceTree = SDKROOT; };
		B8A970F31BF7634300F478E8 /* SystemConfiguration.framework */ = {isa = PBXFileReference; lastKnownFileType = wrapper.framework; name = SystemConfiguration.framework; path = System/Library/Frameworks/SystemConfiguration.framework; sourceTree = SDKROOT; };
		B8A970F51BF7634A00F478E8 /* CoreGraphics.framework */ = {isa = PBXFileReference; lastKnownFileType = wrapper.framework; name = CoreGraphics.framework; path = System/Library/Frameworks/CoreGraphics.framework; sourceTree = SDKROOT; };
		B8A970F71BF7635200F478E8 /* Security.framework */ = {isa = PBXFileReference; lastKnownFileType = wrapper.framework; name = Security.framework; path = System/Library/Frameworks/Security.framework; sourceTree = SDKROOT; };
		B8A970F91BF7635D00F478E8 /* libsqlite3.0.tbd */ = {isa = PBXFileReference; lastKnownFileType = "sourcecode.text-based-dylib-definition"; name = libsqlite3.0.tbd; path = usr/lib/libsqlite3.0.tbd; sourceTree = SDKROOT; };
		B8A970FB1BF7636700F478E8 /* CoreTelephony.framework */ = {isa = PBXFileReference; lastKnownFileType = wrapper.framework; name = CoreTelephony.framework; path = System/Library/Frameworks/CoreTelephony.framework; sourceTree = SDKROOT; };
		B8A970FD1BF7637000F478E8 /* libstdc++.6.0.9.tbd */ = {isa = PBXFileReference; lastKnownFileType = "sourcecode.text-based-dylib-definition"; name = "libstdc++.6.0.9.tbd"; path = "usr/lib/libstdc++.6.0.9.tbd"; sourceTree = SDKROOT; };
		B8AB91B51BF8584E0037234D /* mapapi.bundle */ = {isa = PBXFileReference; lastKnownFileType = "wrapper.plug-in"; name = mapapi.bundle; path = BaiduMapAPI_Map.framework/Resources/mapapi.bundle; sourceTree = "<group>"; };
/* End PBXFileReference section */

/* Begin PBXFrameworksBuildPhase section */
		B8A970AB1BF7617300F478E8 /* Frameworks */ = {
			isa = PBXFrameworksBuildPhase;
			buildActionMask = 2147483647;
			files = (
				B8A970FE1BF7637000F478E8 /* libstdc++.6.0.9.tbd in Frameworks */,
				B8A970FC1BF7636700F478E8 /* CoreTelephony.framework in Frameworks */,
				B8A970FA1BF7635D00F478E8 /* libsqlite3.0.tbd in Frameworks */,
				B8A970F81BF7635200F478E8 /* Security.framework in Frameworks */,
				B8A970F61BF7634A00F478E8 /* CoreGraphics.framework in Frameworks */,
				B8A970F41BF7634300F478E8 /* SystemConfiguration.framework in Frameworks */,
				B8A970F21BF7633A00F478E8 /* OpenGLES.framework in Frameworks */,
				B8A970F01BF7633000F478E8 /* QuartzCore.framework in Frameworks */,
				B8A970EE1BF7632600F478E8 /* CoreLocation.framework in Frameworks */,
				B8A970E71BF7626400F478E8 /* BaiduMapAPI_Base.framework in Frameworks */,
				B8A970E81BF7626400F478E8 /* BaiduMapAPI_Location.framework in Frameworks */,
				B8A970E91BF7626400F478E8 /* BaiduMapAPI_Map.framework in Frameworks */,
			);
			runOnlyForDeploymentPostprocessing = 0;
		};
		B8A970C41BF7617400F478E8 /* Frameworks */ = {
			isa = PBXFrameworksBuildPhase;
			buildActionMask = 2147483647;
			files = (
			);
			runOnlyForDeploymentPostprocessing = 0;
		};
		B8A970CF1BF7617400F478E8 /* Frameworks */ = {
			isa = PBXFrameworksBuildPhase;
			buildActionMask = 2147483647;
			files = (
			);
			runOnlyForDeploymentPostprocessing = 0;
		};
/* End PBXFrameworksBuildPhase section */

/* Begin PBXGroup section */
		B8A970A51BF7617300F478E8 = {
			isa = PBXGroup;
			children = (
				B8AB91B51BF8584E0037234D /* mapapi.bundle */,
				B8A970FD1BF7637000F478E8 /* libstdc++.6.0.9.tbd */,
				B8A970FB1BF7636700F478E8 /* CoreTelephony.framework */,
				B8A970F91BF7635D00F478E8 /* libsqlite3.0.tbd */,
				B8A970F71BF7635200F478E8 /* Security.framework */,
				B8A970F51BF7634A00F478E8 /* CoreGraphics.framework */,
				B8A970F31BF7634300F478E8 /* SystemConfiguration.framework */,
				B8A970F11BF7633A00F478E8 /* OpenGLES.framework */,
				B8A970EF1BF7633000F478E8 /* QuartzCore.framework */,
				B8A970ED1BF7632600F478E8 /* CoreLocation.framework */,
				B8A970E41BF7626400F478E8 /* BaiduMapAPI_Base.framework */,
				B8A970E51BF7626400F478E8 /* BaiduMapAPI_Location.framework */,
				B8A970E61BF7626400F478E8 /* BaiduMapAPI_Map.framework */,
				B8A970B01BF7617300F478E8 /* BMapDemo */,
				B8A970CA1BF7617400F478E8 /* BMapDemoTests */,
				B8A970D51BF7617400F478E8 /* BMapDemoUITests */,
				B8A970AF1BF7617300F478E8 /* Products */,
			);
			sourceTree = "<group>";
		};
		B8A970AF1BF7617300F478E8 /* Products */ = {
			isa = PBXGroup;
			children = (
				B8A970AE1BF7617300F478E8 /* BMapDemo.app */,
				B8A970C71BF7617400F478E8 /* BMapDemoTests.xctest */,
				B8A970D21BF7617400F478E8 /* BMapDemoUITests.xctest */,
			);
			name = Products;
			sourceTree = "<group>";
		};
		B8A970B01BF7617300F478E8 /* BMapDemo */ = {
			isa = PBXGroup;
			children = (
				B8A970B41BF7617300F478E8 /* AppDelegate.h */,
				B8A970B51BF7617300F478E8 /* AppDelegate.m */,
				B8A970B71BF7617300F478E8 /* ViewController.h */,
				B8A970B81BF7617300F478E8 /* ViewController.m */,
				B8A970EA1BF762E600F478E8 /* MMViewController.h */,
				B8A970EB1BF762E600F478E8 /* MMViewController.mm */,
				B8A970BA1BF7617300F478E8 /* Main.storyboard */,
				B8A970BD1BF7617300F478E8 /* Assets.xcassets */,
				B8A970BF1BF7617300F478E8 /* LaunchScreen.storyboard */,
				B8A970C21BF7617300F478E8 /* Info.plist */,
				B8A970B11BF7617300F478E8 /* Supporting Files */,
			);
			path = BMapDemo;
			sourceTree = "<group>";
		};
		B8A970B11BF7617300F478E8 /* Supporting Files */ = {
			isa = PBXGroup;
			children = (
				B8A970B21BF7617300F478E8 /* main.m */,
			);
			name = "Supporting Files";
			sourceTree = "<group>";
		};
		B8A970CA1BF7617400F478E8 /* BMapDemoTests */ = {
			isa = PBXGroup;
			children = (
				B8A970CB1BF7617400F478E8 /* BMapDemoTests.m */,
				B8A970CD1BF7617400F478E8 /* Info.plist */,
			);
			path = BMapDemoTests;
			sourceTree = "<group>";
		};
		B8A970D51BF7617400F478E8 /* BMapDemoUITests */ = {
			isa = PBXGroup;
			children = (
				B8A970D61BF7617400F478E8 /* BMapDemoUITests.m */,
				B8A970D81BF7617400F478E8 /* Info.plist */,
			);
			path = BMapDemoUITests;
			sourceTree = "<group>";
		};
/* End PBXGroup section */

/* Begin PBXNativeTarget section */
		B8A970AD1BF7617300F478E8 /* BMapDemo */ = {
			isa = PBXNativeTarget;
			buildConfigurationList = B8A970DB1BF7617400F478E8 /* Build configuration list for PBXNativeTarget "BMapDemo" */;
			buildPhases = (
				B8A970AA1BF7617300F478E8 /* Sources */,
				B8A970AB1BF7617300F478E8 /* Frameworks */,
				B8A970AC1BF7617300F478E8 /* Resources */,
			);
			buildRules = (
			);
			dependencies = (
			);
			name = BMapDemo;
			productName = BMapDemo;
			productReference = B8A970AE1BF7617300F478E8 /* BMapDemo.app */;
			productType = "com.apple.product-type.application";
		};
		B8A970C61BF7617400F478E8 /* BMapDemoTests */ = {
			isa = PBXNativeTarget;
			buildConfigurationList = B8A970DE1BF7617400F478E8 /* Build configuration list for PBXNativeTarget "BMapDemoTests" */;
			buildPhases = (
				B8A970C31BF7617400F478E8 /* Sources */,
				B8A970C41BF7617400F478E8 /* Frameworks */,
				B8A970C51BF7617400F478E8 /* Resources */,
			);
			buildRules = (
			);
			dependencies = (
				B8A970C91BF7617400F478E8 /* PBXTargetDependency */,
			);
			name = BMapDemoTests;
			productName = BMapDemoTests;
			productReference = B8A970C71BF7617400F478E8 /* BMapDemoTests.xctest */;
			productType = "com.apple.product-type.bundle.unit-test";
		};
		B8A970D11BF7617400F478E8 /* BMapDemoUITests */ = {
			isa = PBXNativeTarget;
			buildConfigurationList = B8A970E11BF7617400F478E8 /* Build configuration list for PBXNativeTarget "BMapDemoUITests" */;
			buildPhases = (
				B8A970CE1BF7617400F478E8 /* Sources */,
				B8A970CF1BF7617400F478E8 /* Frameworks */,
				B8A970D01BF7617400F478E8 /* Resources */,
			);
			buildRules = (
			);
			dependencies = (
				B8A970D41BF7617400F478E8 /* PBXTargetDependency */,
			);
			name = BMapDemoUITests;
			productName = BMapDemoUITests;
			productReference = B8A970D21BF7617400F478E8 /* BMapDemoUITests.xctest */;
			productType = "com.apple.product-type.bundle.ui-testing";
		};
/* End PBXNativeTarget section */

/* Begin PBXProject section */
		B8A970A61BF7617300F478E8 /* Project object */ = {
			isa = PBXProject;
			attributes = {
				LastUpgradeCheck = 0710;
				ORGANIZATIONNAME = Cloudox;
				TargetAttributes = {
					B8A970AD1BF7617300F478E8 = {
						CreatedOnToolsVersion = 7.1;
						DevelopmentTeam = 7MF43XA67A;
					};
					B8A970C61BF7617400F478E8 = {
						CreatedOnToolsVersion = 7.1;
						TestTargetID = B8A970AD1BF7617300F478E8;
					};
					B8A970D11BF7617400F478E8 = {
						CreatedOnToolsVersion = 7.1;
						TestTargetID = B8A970AD1BF7617300F478E8;
					};
				};
			};
			buildConfigurationList = B8A970A91BF7617300F478E8 /* Build configuration list for PBXProject "BMapDemo" */;
			compatibilityVersion = "Xcode 3.2";
			developmentRegion = English;
			hasScannedForEncodings = 0;
			knownRegions = (
				en,
				Base,
			);
			mainGroup = B8A970A51BF7617300F478E8;
			productRefGroup = B8A970AF1BF7617300F478E8 /* Products */;
			projectDirPath = "";
			projectRoot = "";
			targets = (
				B8A970AD1BF7617300F478E8 /* BMapDemo */,
				B8A970C61BF7617400F478E8 /* BMapDemoTests */,
				B8A970D11BF7617400F478E8 /* BMapDemoUITests */,
			);
		};
/* End PBXProject section */

/* Begin PBXResourcesBuildPhase section */
		B8A970AC1BF7617300F478E8 /* Resources */ = {
			isa = PBXResourcesBuildPhase;
			buildActionMask = 2147483647;
			files = (
				B8A970C11BF7617300F478E8 /* LaunchScreen.storyboard in Resources */,
				B8AB91B61BF8584E0037234D /* mapapi.bundle in Resources */,
				B8A970BE1BF7617300F478E8 /* Assets.xcassets in Resources */,
				B8A970BC1BF7617300F478E8 /* Main.storyboard in Resources */,
			);
			runOnlyForDeploymentPostprocessing = 0;
		};
		B8A970C51BF7617400F478E8 /* Resources */ = {
			isa = PBXResourcesBuildPhase;
			buildActionMask = 2147483647;
			files = (
			);
			runOnlyForDeploymentPostprocessing = 0;
		};
		B8A970D01BF7617400F478E8 /* Resources */ = {
			isa = PBXResourcesBuildPhase;
			buildActionMask = 2147483647;
			files = (
			);
			runOnlyForDeploymentPostprocessing = 0;
		};
/* End PBXResourcesBuildPhase section */

/* Begin PBXSourcesBuildPhase section */
		B8A970AA1BF7617300F478E8 /* Sources */ = {
			isa = PBXSourcesBuildPhase;
			buildActionMask = 2147483647;
			files = (
				B8A970B91BF7617300F478E8 /* ViewController.m in Sources */,
				B8A970B61BF7617300F478E8 /* AppDelegate.m in Sources */,
				B8A970EC1BF762E600F478E8 /* MMViewController.mm in Sources */,
				B8A970B31BF7617300F478E8 /* main.m in Sources */,
			);
			runOnlyForDeploymentPostprocessing = 0;
		};
		B8A970C31BF7617400F478E8 /* Sources */ = {
			isa = PBXSourcesBuildPhase;
			buildActionMask = 2147483647;
			files = (
				B8A970CC1BF7617400F478E8 /* BMapDemoTests.m in Sources */,
			);
			runOnlyForDeploymentPostprocessing = 0;
		};
		B8A970CE1BF7617400F478E8 /* Sources */ = {
			isa = PBXSourcesBuildPhase;
			buildActionMask = 2147483647;
			files = (
				B8A970D71BF7617400F478E8 /* BMapDemoUITests.m in Sources */,
			);
			runOnlyForDeploymentPostprocessing = 0;
		};
/* End PBXSourcesBuildPhase section */

/* Begin PBXTargetDependency section */
		B8A970C91BF7617400F478E8 /* PBXTargetDependency */ = {
			isa = PBXTargetDependency;
			target = B8A970AD1BF7617300F478E8 /* BMapDemo */;
			targetProxy = B8A970C81BF7617400F478E8 /* PBXContainerItemProxy */;
		};
		B8A970D41BF7617400F478E8 /* PBXTargetDependency */ = {
			isa = PBXTargetDependency;
			target = B8A970AD1BF7617300F478E8 /* BMapDemo */;
			targetProxy = B8A970D31BF7617400F478E8 /* PBXContainerItemProxy */;
		};
/* End PBXTargetDependency section */

/* Begin PBXVariantGroup section */
		B8A970BA1BF7617300F478E8 /* Main.storyboard */ = {
			isa = PBXVariantGroup;
			children = (
				B8A970BB1BF7617300F478E8 /* Base */,
			);
			name = Main.storyboard;
			sourceTree = "<group>";
		};
		B8A970BF1BF7617300F478E8 /* LaunchScreen.storyboard */ = {
			isa = PBXVariantGroup;
			children = (
				B8A970C01BF7617300F478E8 /* Base */,
			);
			name = LaunchScreen.storyboard;
			sourceTree = "<group>";
		};
/* End PBXVariantGroup section */

/* Begin XCBuildConfiguration section */
		B8A970D91BF7617400F478E8 /* Debug */ = {
			isa = XCBuildConfiguration;
			buildSettings = {
				ALWAYS_SEARCH_USER_PATHS = NO;
				CLANG_CXX_LANGUAGE_STANDARD = "gnu++0x";
				CLANG_CXX_LIBRARY = "libc++";
				CLANG_ENABLE_MODULES = YES;
				CLANG_ENABLE_OBJC_ARC = YES;
				CLANG_WARN_BOOL_CONVERSION = YES;
				CLANG_WARN_CONSTANT_CONVERSION = YES;
				CLANG_WARN_DIRECT_OBJC_ISA_USAGE = YES_ERROR;
				CLANG_WARN_EMPTY_BODY = YES;
				CLANG_WARN_ENUM_CONVERSION = YES;
				CLANG_WARN_INT_CONVERSION = YES;
				CLANG_WARN_OBJC_ROOT_CLASS = YES_ERROR;
				CLANG_WARN_UNREACHABLE_CODE = YES;
				CLANG_WARN__DUPLICATE_METHOD_MATCH = YES;
				"CODE_SIGN_IDENTITY[sdk=iphoneos*]" = "iPhone Developer";
				COPY_PHASE_STRIP = NO;
				DEBUG_INFORMATION_FORMAT = dwarf;
				ENABLE_STRICT_OBJC_MSGSEND = YES;
				ENABLE_TESTABILITY = YES;
				GCC_C_LANGUAGE_STANDARD = gnu99;
				GCC_DYNAMIC_NO_PIC = NO;
				GCC_NO_COMMON_BLOCKS = YES;
				GCC_OPTIMIZATION_LEVEL = 0;
				GCC_PREPROCESSOR_DEFINITIONS = (
					"DEBUG=1",
					"$(inherited)",
				);
				GCC_WARN_64_TO_32_BIT_CONVERSION = YES;
				GCC_WARN_ABOUT_RETURN_TYPE = YES_ERROR;
				GCC_WARN_UNDECLARED_SELECTOR = YES;
				GCC_WARN_UNINITIALIZED_AUTOS = YES_AGGRESSIVE;
				GCC_WARN_UNUSED_FUNCTION = YES;
				GCC_WARN_UNUSED_VARIABLE = YES;
				IPHONEOS_DEPLOYMENT_TARGET = 8.1;
				MTL_ENABLE_DEBUG_INFO = YES;
				ONLY_ACTIVE_ARCH = YES;
				SDKROOT = iphoneos;
				TARGETED_DEVICE_FAMILY = "1,2";
			};
			name = Debug;
		};
		B8A970DA1BF7617400F478E8 /* Release */ = {
			isa = XCBuildConfiguration;
			buildSettings = {
				ALWAYS_SEARCH_USER_PATHS = NO;
				CLANG_CXX_LANGUAGE_STANDARD = "gnu++0x";
				CLANG_CXX_LIBRARY = "libc++";
				CLANG_ENABLE_MODULES = YES;
				CLANG_ENABLE_OBJC_ARC = YES;
				CLANG_WARN_BOOL_CONVERSION = YES;
				CLANG_WARN_CONSTANT_CONVERSION = YES;
				CLANG_WARN_DIRECT_OBJC_ISA_USAGE = YES_ERROR;
				CLANG_WARN_EMPTY_BODY = YES;
				CLANG_WARN_ENUM_CONVERSION = YES;
				CLANG_WARN_INT_CONVERSION = YES;
				CLANG_WARN_OBJC_ROOT_CLASS = YES_ERROR;
				CLANG_WARN_UNREACHABLE_CODE = YES;
				CLANG_WARN__DUPLICATE_METHOD_MATCH = YES;
				"CODE_SIGN_IDENTITY[sdk=iphoneos*]" = "iPhone Developer";
				COPY_PHASE_STRIP = NO;
				DEBUG_INFORMATION_FORMAT = "dwarf-with-dsym";
				ENABLE_NS_ASSERTIONS = NO;
				ENABLE_STRICT_OBJC_MSGSEND = YES;
				GCC_C_LANGUAGE_STANDARD = gnu99;
				GCC_NO_COMMON_BLOCKS = YES;
				GCC_WARN_64_TO_32_BIT_CONVERSION = YES;
				GCC_WARN_ABOUT_RETURN_TYPE = YES_ERROR;
				GCC_WARN_UNDECLARED_SELECTOR = YES;
				GCC_WARN_UNINITIALIZED_AUTOS = YES_AGGRESSIVE;
				GCC_WARN_UNUSED_FUNCTION = YES;
				GCC_WARN_UNUSED_VARIABLE = YES;
				IPHONEOS_DEPLOYMENT_TARGET = 8.1;
				MTL_ENABLE_DEBUG_INFO = NO;
				SDKROOT = iphoneos;
				TARGETED_DEVICE_FAMILY = "1,2";
				VALIDATE_PRODUCT = YES;
			};
			name = Release;
		};
		B8A970DC1BF7617400F478E8 /* Debug */ = {
			isa = XCBuildConfiguration;
			buildSettings = {
				ASSETCATALOG_COMPILER_APPICON_NAME = AppIcon;
				CODE_SIGN_IDENTITY = "iPhone Developer";
				FRAMEWORK_SEARCH_PATHS = (
					"$(inherited)",
					"$(PROJECT_DIR)",
				);
				INFOPLIST_FILE = BMapDemo/Info.plist;
				LD_RUNPATH_SEARCH_PATHS = "$(inherited) @executable_path/Frameworks";
				OTHER_LDFLAGS = "-ObjC";
				PRODUCT_BUNDLE_IDENTIFIER = Cloudox.BMapDemo;
				PRODUCT_NAME = "$(TARGET_NAME)";
			};
			name = Debug;
		};
		B8A970DD1BF7617400F478E8 /* Release */ = {
			isa = XCBuildConfiguration;
			buildSettings = {
				ASSETCATALOG_COMPILER_APPICON_NAME = AppIcon;
				CODE_SIGN_IDENTITY = "iPhone Developer";
				FRAMEWORK_SEARCH_PATHS = (
					"$(inherited)",
					"$(PROJECT_DIR)",
				);
				INFOPLIST_FILE = BMapDemo/Info.plist;
				LD_RUNPATH_SEARCH_PATHS = "$(inherited) @executable_path/Frameworks";
				OTHER_LDFLAGS = "-ObjC";
				PRODUCT_BUNDLE_IDENTIFIER = Cloudox.BMapDemo;
				PRODUCT_NAME = "$(TARGET_NAME)";
			};
			name = Release;
		};
		B8A970DF1BF7617400F478E8 /* Debug */ = {
			isa = XCBuildConfiguration;
			buildSettings = {
				BUNDLE_LOADER = "$(TEST_HOST)";
				INFOPLIST_FILE = BMapDemoTests/Info.plist;
				LD_RUNPATH_SEARCH_PATHS = "$(inherited) @executable_path/Frameworks @loader_path/Frameworks";
				PRODUCT_BUNDLE_IDENTIFIER = Cloudox.BMapDemoTests;
				PRODUCT_NAME = "$(TARGET_NAME)";
				TEST_HOST = "$(BUILT_PRODUCTS_DIR)/BMapDemo.app/BMapDemo";
			};
			name = Debug;
		};
		B8A970E01BF7617400F478E8 /* Release */ = {
			isa = XCBuildConfiguration;
			buildSettings = {
				BUNDLE_LOADER = "$(TEST_HOST)";
				INFOPLIST_FILE = BMapDemoTests/Info.plist;
				LD_RUNPATH_SEARCH_PATHS = "$(inherited) @executable_path/Frameworks @loader_path/Frameworks";
				PRODUCT_BUNDLE_IDENTIFIER = Cloudox.BMapDemoTests;
				PRODUCT_NAME = "$(TARGET_NAME)";
				TEST_HOST = "$(BUILT_PRODUCTS_DIR)/BMapDemo.app/BMapDemo";
			};
			name = Release;
		};
		B8A970E21BF7617400F478E8 /* Debug */ = {
			isa = XCBuildConfiguration;
			buildSettings = {
				INFOPLIST_FILE = BMapDemoUITests/Info.plist;
				LD_RUNPATH_SEARCH_PATHS = "$(inherited) @executable_path/Frameworks @loader_path/Frameworks";
				PRODUCT_BUNDLE_IDENTIFIER = Cloudox.BMapDemoUITests;
				PRODUCT_NAME = "$(TARGET_NAME)";
				TEST_TARGET_NAME = BMapDemo;
				USES_XCTRUNNER = YES;
			};
			name = Debug;
		};
		B8A970E31BF7617400F478E8 /* Release */ = {
			isa = XCBuildConfiguration;
			buildSettings = {
				INFOPLIST_FILE = BMapDemoUITests/Info.plist;
				LD_RUNPATH_SEARCH_PATHS = "$(inherited) @executable_path/Frameworks @loader_path/Frameworks";
				PRODUCT_BUNDLE_IDENTIFIER = Cloudox.BMapDemoUITests;
				PRODUCT_NAME = "$(TARGET_NAME)";
				TEST_TARGET_NAME = BMapDemo;
				USES_XCTRUNNER = YES;
			};
			name = Release;
		};
/* End XCBuildConfiguration section */

/* Begin XCConfigurationList section */
		B8A970A91BF7617300F478E8 /* Build configuration list for PBXProject "BMapDemo" */ = {
			isa = XCConfigurationList;
			buildConfigurations = (
				B8A970D91BF7617400F478E8 /* Debug */,
				B8A970DA1BF7617400F478E8 /* Release */,
			);
			defaultConfigurationIsVisible = 0;
			defaultConfigurationName = Release;
		};
		B8A970DB1BF7617400F478E8 /* Build configuration list for PBXNativeTarget "BMapDemo" */ = {
			isa = XCConfigurationList;
			buildConfigurations = (
				B8A970DC1BF7617400F478E8 /* Debug */,
				B8A970DD1BF7617400F478E8 /* Release */,
			);
			defaultConfigurationIsVisible = 0;
			defaultConfigurationName = Release;
		};
		B8A970DE1BF7617400F478E8 /* Build configuration list for PBXNativeTarget "BMapDemoTests" */ = {
			isa = XCConfigurationList;
			buildConfigurations = (
				B8A970DF1BF7617400F478E8 /* Debug */,
				B8A970E01BF7617400F478E8 /* Release */,
			);
			defaultConfigurationIsVisible = 0;
			defaultConfigurationName = Release;
		};
		B8A970E11BF7617400F478E8 /* Build configuration list for PBXNativeTarget "BMapDemoUITests" */ = {
			isa = XCConfigurationList;
			buildConfigurations = (
				B8A970E21BF7617400F478E8 /* Debug */,
				B8A970E31BF7617400F478E8 /* Release */,
			);
			defaultConfigurationIsVisible = 0;
			defaultConfigurationName = Release;
		};
/* End XCConfigurationList section */
	};
	rootObject = B8A970A61BF7617300F478E8 /* Project object */;
}
